
Microsoft Visual Studio Solution File, Format Version 12.00
# Visual Studio Version 16
VisualStudioVersion = 16.0.29102.190
MinimumVisualStudioVersion = 10.0.40219.1
Project("{FAE04EC0-301F-11D3-BF4B-00C04F79EFBC}") = "Sublit", "Sublit\Sublit.csproj", "{AF527A19-799B-463B-93F6-CADD4AEE67F3}"
EndProject
Global
	GlobalSection(SolutionConfigurationPlatforms) = preSolution
		Debug|Any CPU = Debug|Any CPU
		Release|Any CPU = Release|Any CPU
	EndGlobalSection
	GlobalSection(ProjectConfigurationPlatforms) = postSolution
		{AF527A19-799B-463B-93F6-CADD4AEE67F3}.Debug|Any CPU.ActiveCfg = Debug|Any CPU
		{AF527A19-799B-463B-93F6-CADD4AEE67F3}.Debug|Any CPU.Build.0 = Debug|Any CPU
		{AF527A19-799B-463B-93F6-CADD4AEE67F3}.Release|Any CPU.ActiveCfg = Release|Any CPU
		{AF527A19-799B-463B-93F6-CADD4AEE67F3}.Release|Any CPU.Build.0 = Release|Any CPU
	EndGlobalSection
	GlobalSection(SolutionProperties) = preSolution
		HideSolutionNode = FALSE
	EndGlobalSection
	GlobalSection(ExtensibilityGlobals) = postSolution
		SolutionGuid = {C1F72529-D765-4CCE-81F1-D31CB8E3C641}
	EndGlobalSection
EndGlobal
